
Microsoft Visual Studio Solution File, Format Version 12.00
# Visual Studio Version 17
VisualStudioVersion = 17.11.35303.130
MinimumVisualStudioVersion = 10.0.40219.1
Project("{FAE04EC0-301F-11D3-BF4B-00C04F79EFBC}") = "ATLETIUM-T", "ATLETIUM-T\ATLETIUM-T.csproj", "{4F536F15-7599-4727-A0B0-FC6467E2E9FD}"
EndProject
Global
	GlobalSection(SolutionConfigurationPlatforms) = preSolution
		Debug|Any CPU = Debug|Any CPU
		Release|Any CPU = Release|Any CPU
	EndGlobalSection
	GlobalSection(ProjectConfigurationPlatforms) = postSolution
		{4F536F15-7599-4727-A0B0-FC6467E2E9FD}.Debug|Any CPU.ActiveCfg = Debug|Any CPU
		{4F536F15-7599-4727-A0B0-FC6467E2E9FD}.Debug|Any CPU.Build.0 = Debug|Any CPU
		{4F536F15-7599-4727-A0B0-FC6467E2E9FD}.Debug|Any CPU.Deploy.0 = Debug|Any CPU
		{4F536F15-7599-4727-A0B0-FC6467E2E9FD}.Release|Any CPU.ActiveCfg = Release|Any CPU
		{4F536F15-7599-4727-A0B0-FC6467E2E9FD}.Release|Any CPU.Build.0 = Release|Any CPU
		{4F536F15-7599-4727-A0B0-FC6467E2E9FD}.Release|Any CPU.Deploy.0 = Release|Any CPU
	EndGlobalSection
	GlobalSection(SolutionProperties) = preSolution
		HideSolutionNode = FALSE
	EndGlobalSection
	GlobalSection(ExtensibilityGlobals) = postSolution
		SolutionGuid = {1A0D7016-D095-4BC2-A74A-C470ABC20E5F}
	EndGlobalSection
EndGlobal
